# This file is generated by running "yarn install" inside your project.
# Manual changes might be lost - proceed with caution!

__metadata:
  version: 5
  cacheKey: 8

"api-to-code@^1.0.0, api-to-code@workspace:packages/api-to-code":
  version: 0.0.0-use.local
  resolution: "api-to-code@workspace:packages/api-to-code"
  dependencies:
    fs-extra: ^10.0.0
    lodash: ^4.17.21
    magic-string: ^0.25.7
    path-to-regexp: ^6.2.0
    prettier: ^2.5.1
  bin:
    mesh-api-to-code: ./lib/index.js
  languageName: unknown
  linkType: soft

"fs-extra@npm:^10.0.0":
  version: 10.0.0
  resolution: "fs-extra@npm:10.0.0"
  dependencies:
    graceful-fs: ^4.2.0
    jsonfile: ^6.0.1
    universalify: ^2.0.0
  checksum: 5285a3d8f34b917cf2b66af8c231a40c1623626e9d701a20051d3337be16c6d7cac94441c8b3732d47a92a2a027886ca93c69b6a4ae6aee3c89650d2a8880c0a
  languageName: node
  linkType: hard

"graceful-fs@npm:^4.1.6, graceful-fs@npm:^4.2.0":
  version: 4.2.9
  resolution: "graceful-fs@npm:4.2.9"
  checksum: 68ea4e07ff2c041ada184f9278b830375f8e0b75154e3f080af6b70f66172fabb4108d19b3863a96b53fc068a310b9b6493d86d1291acc5f3861eb4b79d26ad6
  languageName: node
  linkType: hard

"jsonfile@npm:^6.0.1":
  version: 6.1.0
  resolution: "jsonfile@npm:6.1.0"
  dependencies:
    graceful-fs: ^4.1.6
    universalify: ^2.0.0
  dependenciesMeta:
    graceful-fs:
      optional: true
  checksum: 7af3b8e1ac8fe7f1eccc6263c6ca14e1966fcbc74b618d3c78a0a2075579487547b94f72b7a1114e844a1e15bb00d440e5d1720bfc4612d790a6f285d5ea8354
  languageName: node
  linkType: hard

"lodash@npm:^4.17.21":
  version: 4.17.21
  resolution: "lodash@npm:4.17.21"
  checksum: eb835a2e51d381e561e508ce932ea50a8e5a68f4ebdd771ea240d3048244a8d13658acbd502cd4829768c56f2e16bdd4340b9ea141297d472517b83868e677f7
  languageName: node
  linkType: hard

"magic-string@npm:^0.25.7":
  version: 0.25.7
  resolution: "magic-string@npm:0.25.7"
  dependencies:
    sourcemap-codec: ^1.4.4
  checksum: 727a1fb70f9610304fe384f1df0251eb7d1d9dd779c07ef1225690361b71b216f26f5d934bfb11c919b5b0e7ba50f6240c823a6f2e44cfd33d4a07d7747ca829
  languageName: node
  linkType: hard

"mesh-api-to-code@workspace:.":
  version: 0.0.0-use.local
  resolution: "mesh-api-to-code@workspace:."
  languageName: unknown
  linkType: soft

"mesh-business-api@workspace:examples/mesh-business-api":
  version: 0.0.0-use.local
  resolution: "mesh-business-api@workspace:examples/mesh-business-api"
  dependencies:
    api-to-code: ^1.0.0
  languageName: unknown
  linkType: soft

"path-to-regexp@npm:^6.2.0":
  version: 6.2.0
  resolution: "path-to-regexp@npm:6.2.0"
  checksum: a6aca74d2d6e2e7594d812f653cf85e9cb5054d3a8d80f099722a44ef6ad22639b02078e5ea83d11db16321c3e4359e3f1ab0274fa78dad0754a6e53f630b0fc
  languageName: node
  linkType: hard

"prettier@npm:^2.5.1":
  version: 2.5.1
  resolution: "prettier@npm:2.5.1"
  bin:
    prettier: bin-prettier.js
  checksum: 21b9408476ea1c544b0e45d51ceb94a84789ff92095abb710942d780c862d0daebdb29972d47f6b4d0f7ebbfb0ffbf56cc2cfa3e3e9d1cca54864af185b15b66
  languageName: node
  linkType: hard

"sourcemap-codec@npm:^1.4.4":
  version: 1.4.8
  resolution: "sourcemap-codec@npm:1.4.8"
  checksum: b57981c05611afef31605732b598ccf65124a9fcb03b833532659ac4d29ac0f7bfacbc0d6c5a28a03e84c7510e7e556d758d0bb57786e214660016fb94279316
  languageName: node
  linkType: hard

"universalify@npm:^2.0.0":
  version: 2.0.0
  resolution: "universalify@npm:2.0.0"
  checksum: 2406a4edf4a8830aa6813278bab1f953a8e40f2f63a37873ffa9a3bc8f9745d06cc8e88f3572cb899b7e509013f7f6fcc3e37e8a6d914167a5381d8440518c44
  languageName: node
  linkType: hard
